{
    "version": 3,
    "terraform_version": "0.11.10",
    "serial": 5,
    "lineage": "d398717f-261b-9ab5-d20e-49b29628e19e",
    "modules": [
        {
            "path": [
                "root"
            ],
            "outputs": {},
            "resources": {
                "heroku_addon.prod_db": {
                    "type": "heroku_addon",
                    "depends_on": [
                        "heroku_app.production"
                    ],
                    "primary": {
                        "id": "3a7bdea7-f3e7-451b-9c80-a183e6723d29",
                        "attributes": {
                            "app": "gas-dash-production",
                            "config_vars.#": "1",
                            "config_vars.0": "DATABASE_URL",
                            "id": "3a7bdea7-f3e7-451b-9c80-a183e6723d29",
                            "name": "postgresql-symmetrical-14677",
                            "plan": "heroku-postgresql:hobby-basic",
                            "provider_id": "15438882"
                        },
                        "meta": {
                            "schema_version": "1"
                        },
                        "tainted": false
                    },
                    "deposed": [],
                    "provider": "provider.heroku"
                },
                "heroku_addon.production_scheduler": {
                    "type": "heroku_addon",
                    "depends_on": [
                        "heroku_app.production"
                    ],
                    "primary": {
                        "id": "a8dd25c2-db54-433e-8031-54ab1f562ead",
                        "attributes": {
                            "app": "gas-dash-production",
                            "config_vars.#": "0",
                            "id": "a8dd25c2-db54-433e-8031-54ab1f562ead",
                            "name": "scheduler-closed-16786",
                            "plan": "scheduler:standard",
                            "provider_id": "641066"
                        },
                        "meta": {
                            "schema_version": "1"
                        },
                        "tainted": false
                    },
                    "deposed": [],
                    "provider": "provider.heroku"
                },
                "heroku_addon.staging_db": {
                    "type": "heroku_addon",
                    "depends_on": [
                        "heroku_app.staging"
                    ],
                    "primary": {
                        "id": "cda3a6c9-9474-40d4-99e1-d55028c1e225",
                        "attributes": {
                            "app": "gas-dash-staging",
                            "config_vars.#": "1",
                            "config_vars.0": "DATABASE_URL",
                            "id": "cda3a6c9-9474-40d4-99e1-d55028c1e225",
                            "name": "postgresql-metric-89439",
                            "plan": "heroku-postgresql:hobby-basic",
                            "provider_id": "15438880"
                        },
                        "meta": {
                            "schema_version": "1"
                        },
                        "tainted": false
                    },
                    "deposed": [],
                    "provider": "provider.heroku"
                },
                "heroku_addon.staging_scheduler": {
                    "type": "heroku_addon",
                    "depends_on": [
                        "heroku_app.staging"
                    ],
                    "primary": {
                        "id": "b809dd13-c43c-4343-a98c-7b1c24c36d32",
                        "attributes": {
                            "app": "gas-dash-staging",
                            "config_vars.#": "0",
                            "id": "b809dd13-c43c-4343-a98c-7b1c24c36d32",
                            "name": "scheduler-rigid-66593",
                            "plan": "scheduler:standard",
                            "provider_id": "641065"
                        },
                        "meta": {
                            "schema_version": "1"
                        },
                        "tainted": false
                    },
                    "deposed": [],
                    "provider": "provider.heroku"
                },
                "heroku_app.production": {
                    "type": "heroku_app",
                    "depends_on": [],
                    "primary": {
                        "id": "gas-dash-production",
                        "attributes": {
                            "acm": "false",
                            "all_config_vars.%": "0",
                            "config_vars.#": "0",
                            "git_url": "https://git.heroku.com/gas-dash-production.git",
                            "heroku_hostname": "gas-dash-production.herokuapp.com",
                            "id": "gas-dash-production",
                            "internal_routing": "false",
                            "name": "gas-dash-production",
                            "region": "us",
                            "stack": "heroku-18",
                            "uuid": "8c1ef2a4-0821-4ba5-87d2-481182a2aceb",
                            "web_url": "https://gas-dash-production.herokuapp.com/"
                        },
                        "meta": {},
                        "tainted": false
                    },
                    "deposed": [],
                    "provider": "provider.heroku"
                },
                "heroku_app.staging": {
                    "type": "heroku_app",
                    "depends_on": [],
                    "primary": {
                        "id": "gas-dash-staging",
                        "attributes": {
                            "acm": "false",
                            "all_config_vars.%": "0",
                            "config_vars.#": "0",
                            "git_url": "https://git.heroku.com/gas-dash-staging.git",
                            "heroku_hostname": "gas-dash-staging.herokuapp.com",
                            "id": "gas-dash-staging",
                            "internal_routing": "false",
                            "name": "gas-dash-staging",
                            "region": "us",
                            "stack": "heroku-18",
                            "uuid": "bb44bebb-d220-4e13-8282-72fdeda16e4c",
                            "web_url": "https://gas-dash-staging.herokuapp.com/"
                        },
                        "meta": {},
                        "tainted": false
                    },
                    "deposed": [],
                    "provider": "provider.heroku"
                },
                "heroku_pipeline.app_pipeline": {
                    "type": "heroku_pipeline",
                    "depends_on": [],
                    "primary": {
                        "id": "016e24f9-3609-401c-bb4d-17a00619af4d",
                        "attributes": {
                            "id": "016e24f9-3609-401c-bb4d-17a00619af4d",
                            "name": "gas-dash"
                        },
                        "meta": {},
                        "tainted": false
                    },
                    "deposed": [],
                    "provider": "provider.heroku"
                },
                "heroku_pipeline_coupling.production": {
                    "type": "heroku_pipeline_coupling",
                    "depends_on": [
                        "heroku_app.production",
                        "heroku_pipeline.app_pipeline"
                    ],
                    "primary": {
                        "id": "11fa12c2-8158-49bc-9f8b-dc2c03510e5d",
                        "attributes": {
                            "app": "gas-dash-production",
                            "app_id": "8c1ef2a4-0821-4ba5-87d2-481182a2aceb",
                            "id": "11fa12c2-8158-49bc-9f8b-dc2c03510e5d",
                            "pipeline": "016e24f9-3609-401c-bb4d-17a00619af4d",
                            "stage": "production"
                        },
                        "meta": {},
                        "tainted": false
                    },
                    "deposed": [],
                    "provider": "provider.heroku"
                },
                "heroku_pipeline_coupling.staging": {
                    "type": "heroku_pipeline_coupling",
                    "depends_on": [
                        "heroku_app.staging",
                        "heroku_pipeline.app_pipeline"
                    ],
                    "primary": {
                        "id": "c9f1967d-c2f9-443b-9b63-8ba50bcccf12",
                        "attributes": {
                            "app": "gas-dash-staging",
                            "app_id": "bb44bebb-d220-4e13-8282-72fdeda16e4c",
                            "id": "c9f1967d-c2f9-443b-9b63-8ba50bcccf12",
                            "pipeline": "016e24f9-3609-401c-bb4d-17a00619af4d",
                            "stage": "staging"
                        },
                        "meta": {},
                        "tainted": false
                    },
                    "deposed": [],
                    "provider": "provider.heroku"
                }
            },
            "depends_on": []
        }
    ]
}
